// !$*UTF8*$!
{
	archiveVersion = 1;
	classes = {
	};
	objectVersion = 56;
	objects = {

/* Begin PBXBuildFile section */
		24394DA22939D2E700F81C79 /* FileUploadManager.m in Sources */ = {isa = PBXBuildFile; fileRef = 24394DA12939D2E700F81C79 /* FileUploadManager.m */; };
		24394DA52939D30300F81C79 /* FileUploadOperation.m in Sources */ = {isa = PBXBuildFile; fileRef = 24394DA42939D30300F81C79 /* FileUploadOperation.m */; };
		24394DAB2939DBF600F81C79 /* NSData+EO.m in Sources */ = {isa = PBXBuildFile; fileRef = 24394DAA2939DBF600F81C79 /* NSData+EO.m */; };
		246A56462934D9210075BD58 /* AppDelegate.m in Sources */ = {isa = PBXBuildFile; fileRef = 246A56452934D9210075BD58 /* AppDelegate.m */; };
		246A56492934D9210075BD58 /* SceneDelegate.m in Sources */ = {isa = PBXBuildFile; fileRef = 246A56482934D9210075BD58 /* SceneDelegate.m */; };
		246A564C2934D9210075BD58 /* ViewController.m in Sources */ = {isa = PBXBuildFile; fileRef = 246A564B2934D9210075BD58 /* ViewController.m */; };
		246A564F2934D9210075BD58 /* Main.storyboard in Resources */ = {isa = PBXBuildFile; fileRef = 246A564D2934D9210075BD58 /* Main.storyboard */; };
		246A56512934D9240075BD58 /* Assets.xcassets in Resources */ = {isa = PBXBuildFile; fileRef = 246A56502934D9240075BD58 /* Assets.xcassets */; };
		246A56542934D9240075BD58 /* LaunchScreen.storyboard in Resources */ = {isa = PBXBuildFile; fileRef = 246A56522934D9240075BD58 /* LaunchScreen.storyboard */; };
		246A56572934D9240075BD58 /* main.m in Sources */ = {isa = PBXBuildFile; fileRef = 246A56562934D9240075BD58 /* main.m */; };
		246A56602934E1CD0075BD58 /* EchoTouchVC.m in Sources */ = {isa = PBXBuildFile; fileRef = 246A565F2934E1CD0075BD58 /* EchoTouchVC.m */; };
		2494E3242940B72300BE6BD5 /* CYProxy.m in Sources */ = {isa = PBXBuildFile; fileRef = 2494E3232940B72300BE6BD5 /* CYProxy.m */; };
		F16597947C9AADAAF7BB77E7 /* libPods-iOSDevelopmentTemplate.a in Frameworks */ = {isa = PBXBuildFile; fileRef = 58E7690DB641C6CB7169FF07 /* libPods-iOSDevelopmentTemplate.a */; };
/* End PBXBuildFile section */

/* Begin PBXFileReference section */
		24394DA02939D2E700F81C79 /* FileUploadManager.h */ = {isa = PBXFileReference; lastKnownFileType = sourcecode.c.h; path = FileUploadManager.h; sourceTree = "<group>"; };
		24394DA12939D2E700F81C79 /* FileUploadManager.m */ = {isa = PBXFileReference; lastKnownFileType = sourcecode.c.objc; path = FileUploadManager.m; sourceTree = "<group>"; };
		24394DA32939D30300F81C79 /* FileUploadOperation.h */ = {isa = PBXFileReference; lastKnownFileType = sourcecode.c.h; path = FileUploadOperation.h; sourceTree = "<group>"; };
		24394DA42939D30300F81C79 /* FileUploadOperation.m */ = {isa = PBXFileReference; lastKnownFileType = sourcecode.c.objc; path = FileUploadOperation.m; sourceTree = "<group>"; };
		24394DA62939D33100F81C79 /* FileUploadEnums.h */ = {isa = PBXFileReference; lastKnownFileType = sourcecode.c.h; path = FileUploadEnums.h; sourceTree = "<group>"; };
		24394DA72939D62E00F81C79 /* iOSDevlopmentTemplate-Prefix.pch */ = {isa = PBXFileReference; lastKnownFileType = sourcecode.c.h; path = "iOSDevlopmentTemplate-Prefix.pch"; sourceTree = "<group>"; };
		24394DA92939DBF600F81C79 /* NSData+EO.h */ = {isa = PBXFileReference; lastKnownFileType = sourcecode.c.h; path = "NSData+EO.h"; sourceTree = "<group>"; };
		24394DAA2939DBF600F81C79 /* NSData+EO.m */ = {isa = PBXFileReference; lastKnownFileType = sourcecode.c.objc; path = "NSData+EO.m"; sourceTree = "<group>"; };
		245184EC293616730021386A /* EchoMacro.h */ = {isa = PBXFileReference; lastKnownFileType = sourcecode.c.h; path = EchoMacro.h; sourceTree = "<group>"; };
		246A56412934D9210075BD58 /* iOSDevelopmentTemplate.app */ = {isa = PBXFileReference; explicitFileType = wrapper.application; includeInIndex = 0; path = iOSDevelopmentTemplate.app; sourceTree = BUILT_PRODUCTS_DIR; };
		246A56442934D9210075BD58 /* AppDelegate.h */ = {isa = PBXFileReference; lastKnownFileType = sourcecode.c.h; path = AppDelegate.h; sourceTree = "<group>"; };
		246A56452934D9210075BD58 /* AppDelegate.m */ = {isa = PBXFileReference; lastKnownFileType = sourcecode.c.objc; path = AppDelegate.m; sourceTree = "<group>"; };
		246A56472934D9210075BD58 /* SceneDelegate.h */ = {isa = PBXFileReference; lastKnownFileType = sourcecode.c.h; path = SceneDelegate.h; sourceTree = "<group>"; };
		246A56482934D9210075BD58 /* SceneDelegate.m */ = {isa = PBXFileReference; lastKnownFileType = sourcecode.c.objc; path = SceneDelegate.m; sourceTree = "<group>"; };
		246A564A2934D9210075BD58 /* ViewController.h */ = {isa = PBXFileReference; lastKnownFileType = sourcecode.c.h; path = ViewController.h; sourceTree = "<group>"; };
		246A564B2934D9210075BD58 /* ViewController.m */ = {isa = PBXFileReference; lastKnownFileType = sourcecode.c.objc; path = ViewController.m; sourceTree = "<group>"; };
		246A564E2934D9210075BD58 /* Base */ = {isa = PBXFileReference; lastKnownFileType = file.storyboard; name = Base; path = Base.lproj/Main.storyboard; sourceTree = "<group>"; };
		246A56502934D9240075BD58 /* Assets.xcassets */ = {isa = PBXFileReference; lastKnownFileType = folder.assetcatalog; path = Assets.xcassets; sourceTree = "<group>"; };
		246A56532934D9240075BD58 /* Base */ = {isa = PBXFileReference; lastKnownFileType = file.storyboard; name = Base; path = Base.lproj/LaunchScreen.storyboard; sourceTree = "<group>"; };
		246A56552934D9240075BD58 /* Info.plist */ = {isa = PBXFileReference; lastKnownFileType = text.plist.xml; path = Info.plist; sourceTree = "<group>"; };
		246A56562934D9240075BD58 /* main.m */ = {isa = PBXFileReference; lastKnownFileType = sourcecode.c.objc; path = main.m; sourceTree = "<group>"; };
		246A565E2934E1CD0075BD58 /* EchoTouchVC.h */ = {isa = PBXFileReference; lastKnownFileType = sourcecode.c.h; path = EchoTouchVC.h; sourceTree = "<group>"; };
		246A565F2934E1CD0075BD58 /* EchoTouchVC.m */ = {isa = PBXFileReference; lastKnownFileType = sourcecode.c.objc; path = EchoTouchVC.m; sourceTree = "<group>"; };
		2494E3222940B72300BE6BD5 /* CYProxy.h */ = {isa = PBXFileReference; lastKnownFileType = sourcecode.c.h; path = CYProxy.h; sourceTree = "<group>"; };
		2494E3232940B72300BE6BD5 /* CYProxy.m */ = {isa = PBXFileReference; lastKnownFileType = sourcecode.c.objc; path = CYProxy.m; sourceTree = "<group>"; };
		58E7690DB641C6CB7169FF07 /* libPods-iOSDevelopmentTemplate.a */ = {isa = PBXFileReference; explicitFileType = archive.ar; includeInIndex = 0; path = "libPods-iOSDevelopmentTemplate.a"; sourceTree = BUILT_PRODUCTS_DIR; };
		AC9F5E2A14DE363F65AACEC2 /* Pods-iOSDevelopmentTemplate.debug.xcconfig */ = {isa = PBXFileReference; includeInIndex = 1; lastKnownFileType = text.xcconfig; name = "Pods-iOSDevelopmentTemplate.debug.xcconfig"; path = "Target Support Files/Pods-iOSDevelopmentTemplate/Pods-iOSDevelopmentTemplate.debug.xcconfig"; sourceTree = "<group>"; };
		F7B3C953AE8A01F5F55B32CF /* Pods-iOSDevelopmentTemplate.release.xcconfig */ = {isa = PBXFileReference; includeInIndex = 1; lastKnownFileType = text.xcconfig; name = "Pods-iOSDevelopmentTemplate.release.xcconfig"; path = "Target Support Files/Pods-iOSDevelopmentTemplate/Pods-iOSDevelopmentTemplate.release.xcconfig"; sourceTree = "<group>"; };
/* End PBXFileReference section */

/* Begin PBXFrameworksBuildPhase section */
		246A563E2934D9210075BD58 /* Frameworks */ = {
			isa = PBXFrameworksBuildPhase;
			buildActionMask = 2147483647;
			files = (
				F16597947C9AADAAF7BB77E7 /* libPods-iOSDevelopmentTemplate.a in Frameworks */,
			);
			runOnlyForDeploymentPostprocessing = 0;
		};
/* End PBXFrameworksBuildPhase section */

/* Begin PBXGroup section */
		24394D9F2939D2A900F81C79 /* NSOperation */ = {
			isa = PBXGroup;
			children = (
				24394DA02939D2E700F81C79 /* FileUploadManager.h */,
				24394DA12939D2E700F81C79 /* FileUploadManager.m */,
				24394DA32939D30300F81C79 /* FileUploadOperation.h */,
				24394DA42939D30300F81C79 /* FileUploadOperation.m */,
				24394DA62939D33100F81C79 /* FileUploadEnums.h */,
			);
			path = NSOperation;
			sourceTree = "<group>";
		};
		24394DA82939DBD400F81C79 /* Category */ = {
			isa = PBXGroup;
			children = (
				24394DA92939DBF600F81C79 /* NSData+EO.h */,
				24394DAA2939DBF600F81C79 /* NSData+EO.m */,
			);
			path = Category;
			sourceTree = "<group>";
		};
		245184EB293615A90021386A /* Resource */ = {
			isa = PBXGroup;
			children = (
				245184EC293616730021386A /* EchoMacro.h */,
			);
			path = Resource;
			sourceTree = "<group>";
		};
		246A56382934D9210075BD58 = {
			isa = PBXGroup;
			children = (
				246A56432934D9210075BD58 /* iOSDevelopmentTemplate */,
				246A56422934D9210075BD58 /* Products */,
				CE5C7F80C677B22BB2A8040E /* Pods */,
				6A2A855F5CE3162DD127FB76 /* Frameworks */,
			);
			sourceTree = "<group>";
		};
		246A56422934D9210075BD58 /* Products */ = {
			isa = PBXGroup;
			children = (
				246A56412934D9210075BD58 /* iOSDevelopmentTemplate.app */,
			);
			name = Products;
			sourceTree = "<group>";
		};
		246A56432934D9210075BD58 /* iOSDevelopmentTemplate */ = {
			isa = PBXGroup;
			children = (
				2494E3212940B71300BE6BD5 /* Component */,
				24394DA82939DBD400F81C79 /* Category */,
				24394D9F2939D2A900F81C79 /* NSOperation */,
				245184EB293615A90021386A /* Resource */,
				246A565D2934E19D0075BD58 /* Touch */,
				246A56442934D9210075BD58 /* AppDelegate.h */,
				246A56452934D9210075BD58 /* AppDelegate.m */,
				246A56472934D9210075BD58 /* SceneDelegate.h */,
				246A56482934D9210075BD58 /* SceneDelegate.m */,
				246A564A2934D9210075BD58 /* ViewController.h */,
				246A564B2934D9210075BD58 /* ViewController.m */,
				246A564D2934D9210075BD58 /* Main.storyboard */,
				246A56502934D9240075BD58 /* Assets.xcassets */,
				246A56522934D9240075BD58 /* LaunchScreen.storyboard */,
				246A56552934D9240075BD58 /* Info.plist */,
				246A56562934D9240075BD58 /* main.m */,
				24394DA72939D62E00F81C79 /* iOSDevlopmentTemplate-Prefix.pch */,
			);
			path = iOSDevelopmentTemplate;
			sourceTree = "<group>";
		};
		246A565D2934E19D0075BD58 /* Touch */ = {
			isa = PBXGroup;
			children = (
				246A565E2934E1CD0075BD58 /* EchoTouchVC.h */,
				246A565F2934E1CD0075BD58 /* EchoTouchVC.m */,
			);
			path = Touch;
			sourceTree = "<group>";
		};
		2494E3212940B71300BE6BD5 /* Component */ = {
			isa = PBXGroup;
			children = (
				2494E3222940B72300BE6BD5 /* CYProxy.h */,
				2494E3232940B72300BE6BD5 /* CYProxy.m */,
			);
			path = Component;
			sourceTree = "<group>";
		};
		6A2A855F5CE3162DD127FB76 /* Frameworks */ = {
			isa = PBXGroup;
			children = (
				58E7690DB641C6CB7169FF07 /* libPods-iOSDevelopmentTemplate.a */,
			);
			name = Frameworks;
			sourceTree = "<group>";
		};
		CE5C7F80C677B22BB2A8040E /* Pods */ = {
			isa = PBXGroup;
			children = (
				AC9F5E2A14DE363F65AACEC2 /* Pods-iOSDevelopmentTemplate.debug.xcconfig */,
				F7B3C953AE8A01F5F55B32CF /* Pods-iOSDevelopmentTemplate.release.xcconfig */,
			);
			path = Pods;
			sourceTree = "<group>";
		};
/* End PBXGroup section */

/* Begin PBXNativeTarget section */
		246A56402934D9210075BD58 /* iOSDevelopmentTemplate */ = {
			isa = PBXNativeTarget;
			buildConfigurationList = 246A565A2934D9240075BD58 /* Build configuration list for PBXNativeTarget "iOSDevelopmentTemplate" */;
			buildPhases = (
				088D0671ABE57425D65B84EA /* [CP] Check Pods Manifest.lock */,
				246A563D2934D9210075BD58 /* Sources */,
				246A563E2934D9210075BD58 /* Frameworks */,
				246A563F2934D9210075BD58 /* Resources */,
			);
			buildRules = (
			);
			dependencies = (
			);
			name = iOSDevelopmentTemplate;
			productName = iOSDevelopmentTemplate;
			productReference = 246A56412934D9210075BD58 /* iOSDevelopmentTemplate.app */;
			productType = "com.apple.product-type.application";
		};
/* End PBXNativeTarget section */

/* Begin PBXProject section */
		246A56392934D9210075BD58 /* Project object */ = {
			isa = PBXProject;
			attributes = {
				BuildIndependentTargetsInParallel = 1;
				LastUpgradeCheck = 1410;
				TargetAttributes = {
					246A56402934D9210075BD58 = {
						CreatedOnToolsVersion = 14.1;
					};
				};
			};
			buildConfigurationList = 246A563C2934D9210075BD58 /* Build configuration list for PBXProject "iOSDevelopmentTemplate" */;
			compatibilityVersion = "Xcode 14.0";
			developmentRegion = en;
			hasScannedForEncodings = 0;
			knownRegions = (
				en,
				Base,
			);
			mainGroup = 246A56382934D9210075BD58;
			productRefGroup = 246A56422934D9210075BD58 /* Products */;
			projectDirPath = "";
			projectRoot = "";
			targets = (
				246A56402934D9210075BD58 /* iOSDevelopmentTemplate */,
			);
		};
/* End PBXProject section */

/* Begin PBXResourcesBuildPhase section */
		246A563F2934D9210075BD58 /* Resources */ = {
			isa = PBXResourcesBuildPhase;
			buildActionMask = 2147483647;
			files = (
				246A56542934D9240075BD58 /* LaunchScreen.storyboard in Resources */,
				246A56512934D9240075BD58 /* Assets.xcassets in Resources */,
				246A564F2934D9210075BD58 /* Main.storyboard in Resources */,
			);
			runOnlyForDeploymentPostprocessing = 0;
		};
/* End PBXResourcesBuildPhase section */

/* Begin PBXShellScriptBuildPhase section */
		088D0671ABE57425D65B84EA /* [CP] Check Pods Manifest.lock */ = {
			isa = PBXShellScriptBuildPhase;
			buildActionMask = 2147483647;
			files = (
			);
			inputFileListPaths = (
			);
			inputPaths = (
				"${PODS_PODFILE_DIR_PATH}/Podfile.lock",
				"${PODS_ROOT}/Manifest.lock",
			);
			name = "[CP] Check Pods Manifest.lock";
			outputFileListPaths = (
			);
			outputPaths = (
				"$(DERIVED_FILE_DIR)/Pods-iOSDevelopmentTemplate-checkManifestLockResult.txt",
			);
			runOnlyForDeploymentPostprocessing = 0;
			shellPath = /bin/sh;
			shellScript = "diff \"${PODS_PODFILE_DIR_PATH}/Podfile.lock\" \"${PODS_ROOT}/Manifest.lock\" > /dev/null\nif [ $? != 0 ] ; then\n    # print error to STDERR\n    echo \"error: The sandbox is not in sync with the Podfile.lock. Run 'pod install' or update your CocoaPods installation.\" >&2\n    exit 1\nfi\n# This output is used by Xcode 'outputs' to avoid re-running this script phase.\necho \"SUCCESS\" > \"${SCRIPT_OUTPUT_FILE_0}\"\n";
			showEnvVarsInLog = 0;
		};
/* End PBXShellScriptBuildPhase section */

/* Begin PBXSourcesBuildPhase section */
		246A563D2934D9210075BD58 /* Sources */ = {
			isa = PBXSourcesBuildPhase;
			buildActionMask = 2147483647;
			files = (
				24394DAB2939DBF600F81C79 /* NSData+EO.m in Sources */,
				2494E3242940B72300BE6BD5 /* CYProxy.m in Sources */,
				246A564C2934D9210075BD58 /* ViewController.m in Sources */,
				24394DA52939D30300F81C79 /* FileUploadOperation.m in Sources */,
				246A56462934D9210075BD58 /* AppDelegate.m in Sources */,
				246A56572934D9240075BD58 /* main.m in Sources */,
				246A56492934D9210075BD58 /* SceneDelegate.m in Sources */,
				24394DA22939D2E700F81C79 /* FileUploadManager.m in Sources */,
				246A56602934E1CD0075BD58 /* EchoTouchVC.m in Sources */,
			);
			runOnlyForDeploymentPostprocessing = 0;
		};
/* End PBXSourcesBuildPhase section */

/* Begin PBXVariantGroup section */
		246A564D2934D9210075BD58 /* Main.storyboard */ = {
			isa = PBXVariantGroup;
			children = (
				246A564E2934D9210075BD58 /* Base */,
			);
			name = Main.storyboard;
			sourceTree = "<group>";
		};
		246A56522934D9240075BD58 /* LaunchScreen.storyboard */ = {
			isa = PBXVariantGroup;
			children = (
				246A56532934D9240075BD58 /* Base */,
			);
			name = LaunchScreen.storyboard;
			sourceTree = "<group>";
		};
/* End PBXVariantGroup section */

/* Begin XCBuildConfiguration section */
		246A56582934D9240075BD58 /* Debug */ = {
			isa = XCBuildConfiguration;
			buildSettings = {
				ALWAYS_SEARCH_USER_PATHS = NO;
				CLANG_ANALYZER_NONNULL = YES;
				CLANG_ANALYZER_NUMBER_OBJECT_CONVERSION = YES_AGGRESSIVE;
				CLANG_CXX_LANGUAGE_STANDARD = "gnu++20";
				CLANG_ENABLE_MODULES = YES;
				CLANG_ENABLE_OBJC_ARC = YES;
				CLANG_ENABLE_OBJC_WEAK = YES;
				CLANG_WARN_BLOCK_CAPTURE_AUTORELEASING = YES;
				CLANG_WARN_BOOL_CONVERSION = YES;
				CLANG_WARN_COMMA = YES;
				CLANG_WARN_CONSTANT_CONVERSION = YES;
				CLANG_WARN_DEPRECATED_OBJC_IMPLEMENTATIONS = YES;
				CLANG_WARN_DIRECT_OBJC_ISA_USAGE = YES_ERROR;
				CLANG_WARN_DOCUMENTATION_COMMENTS = YES;
				CLANG_WARN_EMPTY_BODY = YES;
				CLANG_WARN_ENUM_CONVERSION = YES;
				CLANG_WARN_INFINITE_RECURSION = YES;
				CLANG_WARN_INT_CONVERSION = YES;
				CLANG_WARN_NON_LITERAL_NULL_CONVERSION = YES;
				CLANG_WARN_OBJC_IMPLICIT_RETAIN_SELF = YES;
				CLANG_WARN_OBJC_LITERAL_CONVERSION = YES;
				CLANG_WARN_OBJC_ROOT_CLASS = YES_ERROR;
				CLANG_WARN_QUOTED_INCLUDE_IN_FRAMEWORK_HEADER = YES;
				CLANG_WARN_RANGE_LOOP_ANALYSIS = YES;
				CLANG_WARN_STRICT_PROTOTYPES = YES;
				CLANG_WARN_SUSPICIOUS_MOVE = YES;
				CLANG_WARN_UNGUARDED_AVAILABILITY = YES_AGGRESSIVE;
				CLANG_WARN_UNREACHABLE_CODE = YES;
				CLANG_WARN__DUPLICATE_METHOD_MATCH = YES;
				COPY_PHASE_STRIP = NO;
				DEBUG_INFORMATION_FORMAT = dwarf;
				ENABLE_STRICT_OBJC_MSGSEND = YES;
				ENABLE_TESTABILITY = YES;
				GCC_C_LANGUAGE_STANDARD = gnu11;
				GCC_DYNAMIC_NO_PIC = NO;
				GCC_NO_COMMON_BLOCKS = YES;
				GCC_OPTIMIZATION_LEVEL = 0;
				GCC_PREPROCESSOR_DEFINITIONS = (
					"DEBUG=1",
					"$(inherited)",
				);
				GCC_WARN_64_TO_32_BIT_CONVERSION = YES;
				GCC_WARN_ABOUT_RETURN_TYPE = YES_ERROR;
				GCC_WARN_UNDECLARED_SELECTOR = YES;
				GCC_WARN_UNINITIALIZED_AUTOS = YES_AGGRESSIVE;
				GCC_WARN_UNUSED_FUNCTION = YES;
				GCC_WARN_UNUSED_VARIABLE = YES;
				IPHONEOS_DEPLOYMENT_TARGET = 16.1;
				MTL_ENABLE_DEBUG_INFO = INCLUDE_SOURCE;
				MTL_FAST_MATH = YES;
				ONLY_ACTIVE_ARCH = YES;
				SDKROOT = iphoneos;
			};
			name = Debug;
		};
		246A56592934D9240075BD58 /* Release */ = {
			isa = XCBuildConfiguration;
			buildSettings = {
				ALWAYS_SEARCH_USER_PATHS = NO;
				CLANG_ANALYZER_NONNULL = YES;
				CLANG_ANALYZER_NUMBER_OBJECT_CONVERSION = YES_AGGRESSIVE;
				CLANG_CXX_LANGUAGE_STANDARD = "gnu++20";
				CLANG_ENABLE_MODULES = YES;
				CLANG_ENABLE_OBJC_ARC = YES;
				CLANG_ENABLE_OBJC_WEAK = YES;
				CLANG_WARN_BLOCK_CAPTURE_AUTORELEASING = YES;
				CLANG_WARN_BOOL_CONVERSION = YES;
				CLANG_WARN_COMMA = YES;
				CLANG_WARN_CONSTANT_CONVERSION = YES;
				CLANG_WARN_DEPRECATED_OBJC_IMPLEMENTATIONS = YES;
				CLANG_WARN_DIRECT_OBJC_ISA_USAGE = YES_ERROR;
				CLANG_WARN_DOCUMENTATION_COMMENTS = YES;
				CLANG_WARN_EMPTY_BODY = YES;
				CLANG_WARN_ENUM_CONVERSION = YES;
				CLANG_WARN_INFINITE_RECURSION = YES;
				CLANG_WARN_INT_CONVERSION = YES;
				CLANG_WARN_NON_LITERAL_NULL_CONVERSION = YES;
				CLANG_WARN_OBJC_IMPLICIT_RETAIN_SELF = YES;
				CLANG_WARN_OBJC_LITERAL_CONVERSION = YES;
				CLANG_WARN_OBJC_ROOT_CLASS = YES_ERROR;
				CLANG_WARN_QUOTED_INCLUDE_IN_FRAMEWORK_HEADER = YES;
				CLANG_WARN_RANGE_LOOP_ANALYSIS = YES;
				CLANG_WARN_STRICT_PROTOTYPES = YES;
				CLANG_WARN_SUSPICIOUS_MOVE = YES;
				CLANG_WARN_UNGUARDED_AVAILABILITY = YES_AGGRESSIVE;
				CLANG_WARN_UNREACHABLE_CODE = YES;
				CLANG_WARN__DUPLICATE_METHOD_MATCH = YES;
				COPY_PHASE_STRIP = NO;
				DEBUG_INFORMATION_FORMAT = "dwarf-with-dsym";
				ENABLE_NS_ASSERTIONS = NO;
				ENABLE_STRICT_OBJC_MSGSEND = YES;
				GCC_C_LANGUAGE_STANDARD = gnu11;
				GCC_NO_COMMON_BLOCKS = YES;
				GCC_WARN_64_TO_32_BIT_CONVERSION = YES;
				GCC_WARN_ABOUT_RETURN_TYPE = YES_ERROR;
				GCC_WARN_UNDECLARED_SELECTOR = YES;
				GCC_WARN_UNINITIALIZED_AUTOS = YES_AGGRESSIVE;
				GCC_WARN_UNUSED_FUNCTION = YES;
				GCC_WARN_UNUSED_VARIABLE = YES;
				IPHONEOS_DEPLOYMENT_TARGET = 16.1;
				MTL_ENABLE_DEBUG_INFO = NO;
				MTL_FAST_MATH = YES;
				SDKROOT = iphoneos;
				VALIDATE_PRODUCT = YES;
			};
			name = Release;
		};
		246A565B2934D9240075BD58 /* Debug */ = {
			isa = XCBuildConfiguration;
			baseConfigurationReference = AC9F5E2A14DE363F65AACEC2 /* Pods-iOSDevelopmentTemplate.debug.xcconfig */;
			buildSettings = {
				ASSETCATALOG_COMPILER_APPICON_NAME = AppIcon;
				ASSETCATALOG_COMPILER_GLOBAL_ACCENT_COLOR_NAME = AccentColor;
				CODE_SIGN_STYLE = Automatic;
				CURRENT_PROJECT_VERSION = 1;
				DEVELOPMENT_TEAM = YR98A22L87;
				GCC_PREFIX_HEADER = "iOSDevelopmentTemplate/iOSDevlopmentTemplate-Prefix.pch";
				GENERATE_INFOPLIST_FILE = YES;
				INFOPLIST_FILE = iOSDevelopmentTemplate/Info.plist;
				INFOPLIST_KEY_UIApplicationSupportsIndirectInputEvents = YES;
				INFOPLIST_KEY_UILaunchStoryboardName = LaunchScreen;
				INFOPLIST_KEY_UIMainStoryboardFile = Main;
				INFOPLIST_KEY_UIRequiredDeviceCapabilities = armv7;
				INFOPLIST_KEY_UISupportedInterfaceOrientations_iPad = "UIInterfaceOrientationPortrait UIInterfaceOrientationPortraitUpsideDown UIInterfaceOrientationLandscapeLeft UIInterfaceOrientationLandscapeRight";
				INFOPLIST_KEY_UISupportedInterfaceOrientations_iPhone = "UIInterfaceOrientationPortrait UIInterfaceOrientationLandscapeLeft UIInterfaceOrientationLandscapeRight";
				IPHONEOS_DEPLOYMENT_TARGET = 11.0;
				LD_RUNPATH_SEARCH_PATHS = (
					"$(inherited)",
					"@executable_path/Frameworks",
				);
				MARKETING_VERSION = 1.1;
				PRODUCT_BUNDLE_IDENTIFIER = com.vanwell.zhefenglepink;
				PRODUCT_NAME = "$(TARGET_NAME)";
				SUPPORTED_PLATFORMS = "iphoneos iphonesimulator";
				SUPPORTS_MACCATALYST = NO;
				SUPPORTS_MAC_DESIGNED_FOR_IPHONE_IPAD = NO;
				SWIFT_EMIT_LOC_STRINGS = YES;
				TARGETED_DEVICE_FAMILY = 1;
			};
			name = Debug;
		};
		246A565C2934D9240075BD58 /* Release */ = {
			isa = XCBuildConfiguration;
			baseConfigurationReference = F7B3C953AE8A01F5F55B32CF /* Pods-iOSDevelopmentTemplate.release.xcconfig */;
			buildSettings = {
				ASSETCATALOG_COMPILER_APPICON_NAME = AppIcon;
				ASSETCATALOG_COMPILER_GLOBAL_ACCENT_COLOR_NAME = AccentColor;
				CODE_SIGN_STYLE = Automatic;
				CURRENT_PROJECT_VERSION = 1;
				DEVELOPMENT_TEAM = YR98A22L87;
				GCC_PREFIX_HEADER = "iOSDevelopmentTemplate/iOSDevlopmentTemplate-Prefix.pch";
				GENERATE_INFOPLIST_FILE = YES;
				INFOPLIST_FILE = iOSDevelopmentTemplate/Info.plist;
				INFOPLIST_KEY_UIApplicationSupportsIndirectInputEvents = YES;
				INFOPLIST_KEY_UILaunchStoryboardName = LaunchScreen;
				INFOPLIST_KEY_UIMainStoryboardFile = Main;
				INFOPLIST_KEY_UIRequiredDeviceCapabilities = armv7;
				INFOPLIST_KEY_UISupportedInterfaceOrientations_iPad = "UIInterfaceOrientationPortrait UIInterfaceOrientationPortraitUpsideDown UIInterfaceOrientationLandscapeLeft UIInterfaceOrientationLandscapeRight";
				INFOPLIST_KEY_UISupportedInterfaceOrientations_iPhone = "UIInterfaceOrientationPortrait UIInterfaceOrientationLandscapeLeft UIInterfaceOrientationLandscapeRight";
				IPHONEOS_DEPLOYMENT_TARGET = 11.0;
				LD_RUNPATH_SEARCH_PATHS = (
					"$(inherited)",
					"@executable_path/Frameworks",
				);
				MARKETING_VERSION = 1.1;
				PRODUCT_BUNDLE_IDENTIFIER = com.vanwell.zhefenglepink;
				PRODUCT_NAME = "$(TARGET_NAME)";
				SUPPORTED_PLATFORMS = "iphoneos iphonesimulator";
				SUPPORTS_MACCATALYST = NO;
				SUPPORTS_MAC_DESIGNED_FOR_IPHONE_IPAD = NO;
				SWIFT_EMIT_LOC_STRINGS = YES;
				TARGETED_DEVICE_FAMILY = 1;
			};
			name = Release;
		};
/* End XCBuildConfiguration section */

/* Begin XCConfigurationList section */
		246A563C2934D9210075BD58 /* Build configuration list for PBXProject "iOSDevelopmentTemplate" */ = {
			isa = XCConfigurationList;
			buildConfigurations = (
				246A56582934D9240075BD58 /* Debug */,
				246A56592934D9240075BD58 /* Release */,
			);
			defaultConfigurationIsVisible = 0;
			defaultConfigurationName = Release;
		};
		246A565A2934D9240075BD58 /* Build configuration list for PBXNativeTarget "iOSDevelopmentTemplate" */ = {
			isa = XCConfigurationList;
			buildConfigurations = (
				246A565B2934D9240075BD58 /* Debug */,
				246A565C2934D9240075BD58 /* Release */,
			);
			defaultConfigurationIsVisible = 0;
			defaultConfigurationName = Release;
		};
/* End XCConfigurationList section */
	};
	rootObject = 246A56392934D9210075BD58 /* Project object */;
}
